PODS:
  - "NSObject+Rx (4.4.1)":
    - RxSwift (~> 4.3)
  - RxBlocking (4.5.0):
    - RxSwift (>= 4.4.2, ~> 4.4)
  - RxCocoa (4.5.0):
    - RxSwift (>= 4.4.2, ~> 4.4)
  - RxSwift (4.5.0)
  - SDWebImage (5.0.0):
    - SDWebImage/Core (= 5.0.0)
  - SDWebImage/Core (5.0.0)

DEPENDENCIES:
  - "NSObject+Rx (= 4.4.1)"
  - RxBlocking (= 4.5.0)
  - RxCocoa (= 4.5.0)
  - RxSwift (= 4.5.0)
  - SDWebImage (= 5.0.0)

SPEC REPOS:
  https://github.com/cocoapods/specs.git:
    - "NSObject+Rx"
    - RxBlocking
    - RxCocoa
    - RxSwift
    - SDWebImage

SPEC CHECKSUMS:
  "NSObject+Rx": 9884a92f19b610795c431e10b4e601913b59c9e9
  RxBlocking: 79413e4d916f44bb3e113c5b2cc059e36fe58910
  RxCocoa: cbf70265dc65a981d4ac982e513c10cf23df24a0
  RxSwift: f172070dfd1a93d70a9ab97a5a01166206e1c575
  SDWebImage: 5de80a0302de9e377e62f47d2fa1304efff0e55f

PODFILE CHECKSUM: 429d4efa1fbdc032ecb6ef4e67916cbb39db7ad7

COCOAPODS: 1.6.0
